
Microsoft Visual Studio Solution File, Format Version 12.00
# Visual Studio Version 16
VisualStudioVersion = 16.0.30413.136
MinimumVisualStudioVersion = 10.0.40219.1
Project("{FAE04EC0-301F-11D3-BF4B-00C04F79EFBC}") = "ejemploprocedimientolenguaje", "ejemploprocedimientolenguaje\ejemploprocedimientolenguaje.csproj", "{A8395951-A629-4E50-A286-0D5FBF49201A}"
EndProject
Global
	GlobalSection(SolutionConfigurationPlatforms) = preSolution
		Debug|Any CPU = Debug|Any CPU
		Release|Any CPU = Release|Any CPU
	EndGlobalSection
	GlobalSection(ProjectConfigurationPlatforms) = postSolution
		{A8395951-A629-4E50-A286-0D5FBF49201A}.Debug|Any CPU.ActiveCfg = Debug|Any CPU
		{A8395951-A629-4E50-A286-0D5FBF49201A}.Debug|Any CPU.Build.0 = Debug|Any CPU
		{A8395951-A629-4E50-A286-0D5FBF49201A}.Release|Any CPU.ActiveCfg = Release|Any CPU
		{A8395951-A629-4E50-A286-0D5FBF49201A}.Release|Any CPU.Build.0 = Release|Any CPU
	EndGlobalSection
	GlobalSection(SolutionProperties) = preSolution
		HideSolutionNode = FALSE
	EndGlobalSection
	GlobalSection(ExtensibilityGlobals) = postSolution
		SolutionGuid = {CDF92909-E992-4D4E-917A-36F5C8554740}
	EndGlobalSection
EndGlobal
